
Microsoft Visual Studio Solution File, Format Version 12.00
# Visual Studio 16
Project("{FAE04EC0-301F-11D3-BF4B-00C04F79EFBC}") = "Assembly-CSharp", "Assembly-CSharp.csproj", "{8824BEA9-B299-DC87-3967-F6CF3C665CD4}"
EndProject
Project("{FAE04EC0-301F-11D3-BF4B-00C04F79EFBC}") = "Assembly-CSharp-Editor", "Assembly-CSharp-Editor.csproj", "{C67B012D-9AD1-CAC1-01AD-EA47352135F7}"
EndProject
Global
	GlobalSection(SolutionConfigurationPlatforms) = preSolution
		Debug|Any CPU = Debug|Any CPU
		Release|Any CPU = Release|Any CPU
	EndGlobalSection
	GlobalSection(ProjectConfigurationPlatforms) = postSolution
		{8824BEA9-B299-DC87-3967-F6CF3C665CD4}.Debug|Any CPU.ActiveCfg = Debug|Any CPU
		{8824BEA9-B299-DC87-3967-F6CF3C665CD4}.Debug|Any CPU.Build.0 = Debug|Any CPU
		{8824BEA9-B299-DC87-3967-F6CF3C665CD4}.Release|Any CPU.ActiveCfg = Release|Any CPU
		{8824BEA9-B299-DC87-3967-F6CF3C665CD4}.Release|Any CPU.Build.0 = Release|Any CPU
		{C67B012D-9AD1-CAC1-01AD-EA47352135F7}.Debug|Any CPU.ActiveCfg = Debug|Any CPU
		{C67B012D-9AD1-CAC1-01AD-EA47352135F7}.Debug|Any CPU.Build.0 = Debug|Any CPU
		{C67B012D-9AD1-CAC1-01AD-EA47352135F7}.Release|Any CPU.ActiveCfg = Release|Any CPU
		{C67B012D-9AD1-CAC1-01AD-EA47352135F7}.Release|Any CPU.Build.0 = Release|Any CPU
	EndGlobalSection
	GlobalSection(SolutionProperties) = preSolution
		HideSolutionNode = FALSE
	EndGlobalSection
EndGlobal
