
Microsoft Visual Studio Solution File, Format Version 12.00
# Visual Studio 15
Project("{FAE04EC0-301F-11D3-BF4B-00C04F79EFBC}") = "Assembly-CSharp", "Assembly-CSharp.csproj", "{B72AC157-BA82-C82E-0235-44776F1D25FB}"
EndProject
Project("{FAE04EC0-301F-11D3-BF4B-00C04F79EFBC}") = "Assembly-CSharp-Editor", "Assembly-CSharp-Editor.csproj", "{4EE29B5A-6C48-0614-56A4-129941B5E048}"
EndProject
Global
	GlobalSection(SolutionConfigurationPlatforms) = preSolution
		Debug|Any CPU = Debug|Any CPU
		Release|Any CPU = Release|Any CPU
	EndGlobalSection
	GlobalSection(ProjectConfigurationPlatforms) = postSolution
		{B72AC157-BA82-C82E-0235-44776F1D25FB}.Debug|Any CPU.ActiveCfg = Debug|Any CPU
		{B72AC157-BA82-C82E-0235-44776F1D25FB}.Debug|Any CPU.Build.0 = Debug|Any CPU
		{B72AC157-BA82-C82E-0235-44776F1D25FB}.Release|Any CPU.ActiveCfg = Release|Any CPU
		{B72AC157-BA82-C82E-0235-44776F1D25FB}.Release|Any CPU.Build.0 = Release|Any CPU
		{4EE29B5A-6C48-0614-56A4-129941B5E048}.Debug|Any CPU.ActiveCfg = Debug|Any CPU
		{4EE29B5A-6C48-0614-56A4-129941B5E048}.Debug|Any CPU.Build.0 = Debug|Any CPU
		{4EE29B5A-6C48-0614-56A4-129941B5E048}.Release|Any CPU.ActiveCfg = Release|Any CPU
		{4EE29B5A-6C48-0614-56A4-129941B5E048}.Release|Any CPU.Build.0 = Release|Any CPU
	EndGlobalSection
	GlobalSection(SolutionProperties) = preSolution
		HideSolutionNode = FALSE
	EndGlobalSection
EndGlobal
